
Microsoft Visual Studio Solution File, Format Version 12.00
# Visual Studio Version 17
VisualStudioVersion = 17.7.34221.43
MinimumVisualStudioVersion = 10.0.40219.1
Project("{FAE04EC0-301F-11D3-BF4B-00C04F79EFBC}") = "versao02", "versao01\versao02.csproj", "{EB9CABC2-FEF7-4A43-8E72-4140C8889811}"
EndProject
Global
	GlobalSection(SolutionConfigurationPlatforms) = preSolution
		Debug|Any CPU = Debug|Any CPU
		Release|Any CPU = Release|Any CPU
	EndGlobalSection
	GlobalSection(ProjectConfigurationPlatforms) = postSolution
		{EB9CABC2-FEF7-4A43-8E72-4140C8889811}.Debug|Any CPU.ActiveCfg = Debug|Any CPU
		{EB9CABC2-FEF7-4A43-8E72-4140C8889811}.Debug|Any CPU.Build.0 = Debug|Any CPU
		{EB9CABC2-FEF7-4A43-8E72-4140C8889811}.Release|Any CPU.ActiveCfg = Release|Any CPU
		{EB9CABC2-FEF7-4A43-8E72-4140C8889811}.Release|Any CPU.Build.0 = Release|Any CPU
	EndGlobalSection
	GlobalSection(SolutionProperties) = preSolution
		HideSolutionNode = FALSE
	EndGlobalSection
	GlobalSection(ExtensibilityGlobals) = postSolution
		SolutionGuid = {753C64DE-ECCC-4C1C-AF58-23181AF0535D}
	EndGlobalSection
EndGlobal
